// !$*UTF8*$!
{
	archiveVersion = 1;
	classes = {};
	objectVersion = 56;
	objects = {

/* Begin PBXBuildFile section */
		EAF9FAAF28C15CF3E1644462 /* AchievementRuleEngine.swift in Sources */ = {isa = PBXBuildFile; fileRef = 5720191381EBE169154872E0 /* AchievementRuleEngine.swift */; };
		487804CD25141783FA7D1926 /* AppTheme.swift in Sources */ = {isa = PBXBuildFile; fileRef = C0C6A2B38D6911073E1E9AB2 /* AppTheme.swift */; };
		D487083602FEFA5636C76B9E /* CreateRecipeView.swift in Sources */ = {isa = PBXBuildFile; fileRef = 7931690DA4B584A154EAB46C /* CreateRecipeView.swift */; };
		19218214E88CA7D47E7EC391 /* FoodArtwork.swift in Sources */ = {isa = PBXBuildFile; fileRef = 940270F8D2012F66ED419007 /* FoodArtwork.swift */; };
		72A5D14EC0250F931809202D /* LibraryView.swift in Sources */ = {isa = PBXBuildFile; fileRef = 68B762235912625E2A67D13C /* LibraryView.swift */; };
		9D9DD7A23E772FA0F11FF303 /* MeiweiAssistantApp.swift in Sources */ = {isa = PBXBuildFile; fileRef = BE4F24795CA021131FC3BD04 /* MeiweiAssistantApp.swift */; };
		8EA093C677A8BF728EE98002 /* Models.swift in Sources */ = {isa = PBXBuildFile; fileRef = C773B82A7C5CDF5DEE520C36 /* Models.swift */; };
		038B0F24A4670FD6B1B5A4FE /* MysticKitchenView.swift in Sources */ = {isa = PBXBuildFile; fileRef = BEFE5126EDCA895D0E18EEF9 /* MysticKitchenView.swift */; };
		3E4AC6FFFE46BD79DC65FA06 /* PartyGameView.swift in Sources */ = {isa = PBXBuildFile; fileRef = 9FE16F685C643441B02B7D76 /* PartyGameView.swift */; };
		4CCF32255F399D22585EFCC2 /* ProfileView.swift in Sources */ = {isa = PBXBuildFile; fileRef = 99B5DE5A90698D426EBB2E75 /* ProfileView.swift */; };
		516E0C81A644023FA9097DAC /* RecipeDetailView.swift in Sources */ = {isa = PBXBuildFile; fileRef = 8E53FD9A91EC6FB7EC08829F /* RecipeDetailView.swift */; };
		ADCE4E7E594585238FE84276 /* RootTabView.swift in Sources */ = {isa = PBXBuildFile; fileRef = 3A88E6CF3D2116F09D7266F5 /* RootTabView.swift */; };
		5AA16F92E29DF4E8AF303167 /* SampleData.swift in Sources */ = {isa = PBXBuildFile; fileRef = C734CD365D2252A4D711A242 /* SampleData.swift */; };
		7E4ED849E412E2FA6B57BD1A /* SauceAssistantView.swift in Sources */ = {isa = PBXBuildFile; fileRef = 1C24DF7A2C09846D3F0EF312 /* SauceAssistantView.swift */; };
		F952F92E8CCED49E207A7E20 /* TableMenuView.swift in Sources */ = {isa = PBXBuildFile; fileRef = CBB2A7D305257188FBDB1DA6 /* TableMenuView.swift */; };
		D766CA0804291B7FD3615AA0 /* TitleHallView.swift in Sources */ = {isa = PBXBuildFile; fileRef = 0A77497F3665434B212A8613 /* TitleHallView.swift */; };
		7363A3E94F4C5EDCD157080A /* TitleSystem.swift in Sources */ = {isa = PBXBuildFile; fileRef = 44819D836C840A2E9EC0B8D0 /* TitleSystem.swift */; };
		1F0A92AFB45076CA8E9E588F /* TitleUnlockView.swift in Sources */ = {isa = PBXBuildFile; fileRef = E9C842D51775CBBDA96D4268 /* TitleUnlockView.swift */; };
		D94DB2D56252D8E39D0814DC /* TodayView.swift in Sources */ = {isa = PBXBuildFile; fileRef = 9405BE3DBBCBD59E9F329D39 /* TodayView.swift */; };
		C4982A14971F73F2E52428EA /* TrueSixSidedRecipeDiceView.swift in Sources */ = {isa = PBXBuildFile; fileRef = 2A9C563E372CCFF807578574 /* TrueSixSidedRecipeDiceView.swift */; };
		F1A2B3C4D5E6F708090A0B0C /* SharedDataStore.swift in Sources */ = {isa = PBXBuildFile; fileRef = F1A2B3C4D5E6F708090A0B0D /* SharedDataStore.swift */; };
		EFB4F43CC01E8F803B6BD101 /* Assets.xcassets in Resources */ = {isa = PBXBuildFile; fileRef = 3629767EF64D90F35944AF57 /* Assets.xcassets */; };
		6BF9D1D0B302242F54B9E1C5 /* Assets.scnassets in Resources */ = {isa = PBXBuildFile; fileRef = 35CB488A984E8163AFDF80DF /* Assets.scnassets */; };
		0D844BD122894DE0E0650E86 /* title-catalog.json in Resources */ = {isa = PBXBuildFile; fileRef = 4DD2DA87E9E3B25FC935A5A8 /* title-catalog.json */; };
		F1A2B3C4D5E6F708090A0B0E /* recipes.json in Resources */ = {isa = PBXBuildFile; fileRef = F1A2B3C4D5E6F708090A0B0F /* recipes.json */; };
		F1A2B3C4D5E6F708090A0B10 /* titles.json in Resources */ = {isa = PBXBuildFile; fileRef = F1A2B3C4D5E6F708090A0B11 /* titles.json */; };
		F1A2B3C4D5E6F708090A0B12 /* mystic.json in Resources */ = {isa = PBXBuildFile; fileRef = F1A2B3C4D5E6F708090A0B13 /* mystic.json */; };
		F1A2B3C4D5E6F708090A0B14 /* party-games.json in Resources */ = {isa = PBXBuildFile; fileRef = F1A2B3C4D5E6F708090A0B15 /* party-games.json */; };
/* End PBXBuildFile section */

/* Begin PBXFileReference section */
		5720191381EBE169154872E0 /* AchievementRuleEngine.swift */ = {isa = PBXFileReference; lastKnownFileType = sourcecode.swift; path = "AchievementRuleEngine.swift"; sourceTree = "<group>"; };
		C0C6A2B38D6911073E1E9AB2 /* AppTheme.swift */ = {isa = PBXFileReference; lastKnownFileType = sourcecode.swift; path = "AppTheme.swift"; sourceTree = "<group>"; };
		7931690DA4B584A154EAB46C /* CreateRecipeView.swift */ = {isa = PBXFileReference; lastKnownFileType = sourcecode.swift; path = "CreateRecipeView.swift"; sourceTree = "<group>"; };
		940270F8D2012F66ED419007 /* FoodArtwork.swift */ = {isa = PBXFileReference; lastKnownFileType = sourcecode.swift; path = "FoodArtwork.swift"; sourceTree = "<group>"; };
		68B762235912625E2A67D13C /* LibraryView.swift */ = {isa = PBXFileReference; lastKnownFileType = sourcecode.swift; path = "LibraryView.swift"; sourceTree = "<group>"; };
		BE4F24795CA021131FC3BD04 /* MeiweiAssistantApp.swift */ = {isa = PBXFileReference; lastKnownFileType = sourcecode.swift; path = "MeiweiAssistantApp.swift"; sourceTree = "<group>"; };
		C773B82A7C5CDF5DEE520C36 /* Models.swift */ = {isa = PBXFileReference; lastKnownFileType = sourcecode.swift; path = "Models.swift"; sourceTree = "<group>"; };
		BEFE5126EDCA895D0E18EEF9 /* MysticKitchenView.swift */ = {isa = PBXFileReference; lastKnownFileType = sourcecode.swift; path = "MysticKitchenView.swift"; sourceTree = "<group>"; };
		9FE16F685C643441B02B7D76 /* PartyGameView.swift */ = {isa = PBXFileReference; lastKnownFileType = sourcecode.swift; path = "PartyGameView.swift"; sourceTree = "<group>"; };
		99B5DE5A90698D426EBB2E75 /* ProfileView.swift */ = {isa = PBXFileReference; lastKnownFileType = sourcecode.swift; path = "ProfileView.swift"; sourceTree = "<group>"; };
		8E53FD9A91EC6FB7EC08829F /* RecipeDetailView.swift */ = {isa = PBXFileReference; lastKnownFileType = sourcecode.swift; path = "RecipeDetailView.swift"; sourceTree = "<group>"; };
		3A88E6CF3D2116F09D7266F5 /* RootTabView.swift */ = {isa = PBXFileReference; lastKnownFileType = sourcecode.swift; path = "RootTabView.swift"; sourceTree = "<group>"; };
		C734CD365D2252A4D711A242 /* SampleData.swift */ = {isa = PBXFileReference; lastKnownFileType = sourcecode.swift; path = "SampleData.swift"; sourceTree = "<group>"; };
		1C24DF7A2C09846D3F0EF312 /* SauceAssistantView.swift */ = {isa = PBXFileReference; lastKnownFileType = sourcecode.swift; path = "SauceAssistantView.swift"; sourceTree = "<group>"; };
		CBB2A7D305257188FBDB1DA6 /* TableMenuView.swift */ = {isa = PBXFileReference; lastKnownFileType = sourcecode.swift; path = "TableMenuView.swift"; sourceTree = "<group>"; };
		0A77497F3665434B212A8613 /* TitleHallView.swift */ = {isa = PBXFileReference; lastKnownFileType = sourcecode.swift; path = "TitleHallView.swift"; sourceTree = "<group>"; };
		44819D836C840A2E9EC0B8D0 /* TitleSystem.swift */ = {isa = PBXFileReference; lastKnownFileType = sourcecode.swift; path = "TitleSystem.swift"; sourceTree = "<group>"; };
		E9C842D51775CBBDA96D4268 /* TitleUnlockView.swift */ = {isa = PBXFileReference; lastKnownFileType = sourcecode.swift; path = "TitleUnlockView.swift"; sourceTree = "<group>"; };
		9405BE3DBBCBD59E9F329D39 /* TodayView.swift */ = {isa = PBXFileReference; lastKnownFileType = sourcecode.swift; path = "TodayView.swift"; sourceTree = "<group>"; };
		2A9C563E372CCFF807578574 /* TrueSixSidedRecipeDiceView.swift */ = {isa = PBXFileReference; lastKnownFileType = sourcecode.swift; path = "TrueSixSidedRecipeDiceView.swift"; sourceTree = "<group>"; };
		F1A2B3C4D5E6F708090A0B0D /* SharedDataStore.swift */ = {isa = PBXFileReference; lastKnownFileType = sourcecode.swift; path = "SharedDataStore.swift"; sourceTree = "<group>"; };
		3629767EF64D90F35944AF57 /* Assets.xcassets */ = {isa = PBXFileReference; lastKnownFileType = folder.assetcatalog; path = "Assets.xcassets"; sourceTree = "<group>"; };
		35CB488A984E8163AFDF80DF /* Assets.scnassets */ = {isa = PBXFileReference; lastKnownFileType = folder.scnassets; path = "Assets.scnassets"; sourceTree = "<group>"; };
		4DD2DA87E9E3B25FC935A5A8 /* title-catalog.json */ = {isa = PBXFileReference; lastKnownFileType = text.json; path = "title-catalog.json"; sourceTree = "<group>"; };
		F1A2B3C4D5E6F708090A0B0F /* recipes.json */ = {isa = PBXFileReference; lastKnownFileType = text.json; name = "recipes.json"; path = "../../../../shared/data/recipes.json"; sourceTree = "<group>"; };
		F1A2B3C4D5E6F708090A0B11 /* titles.json */ = {isa = PBXFileReference; lastKnownFileType = text.json; name = "titles.json"; path = "../../../../shared/data/titles.json"; sourceTree = "<group>"; };
		F1A2B3C4D5E6F708090A0B13 /* mystic.json */ = {isa = PBXFileReference; lastKnownFileType = text.json; name = "mystic.json"; path = "../../../../shared/data/mystic.json"; sourceTree = "<group>"; };
		F1A2B3C4D5E6F708090A0B15 /* party-games.json */ = {isa = PBXFileReference; lastKnownFileType = text.json; name = "party-games.json"; path = "../../../../shared/data/party-games.json"; sourceTree = "<group>"; };
		182783D3BC8A504F7E810888 /* MeiweiAssistant.app */ = {isa = PBXFileReference; explicitFileType = wrapper.application; includeInIndex = 0; path = MeiweiAssistant.app; sourceTree = BUILT_PRODUCTS_DIR; };
/* End PBXFileReference section */

/* Begin PBXFrameworksBuildPhase section */
		FBB32052DBA59E6524A8C74E /* Frameworks */ = {isa = PBXFrameworksBuildPhase; buildActionMask = 2147483647; files = (); runOnlyForDeploymentPostprocessing = 0; };
/* End PBXFrameworksBuildPhase section */

/* Begin PBXGroup section */
		9E1B1A1535828EFD7A992048 = {isa = PBXGroup; children = (6E9AEBF1FF5BDE09E662A3D6 /* MeiweiAssistant */, FD2F4F7C159C39635A4823A8 /* Products */, ); sourceTree = "<group>"; };
		6E9AEBF1FF5BDE09E662A3D6 /* MeiweiAssistant */ = {isa = PBXGroup; children = (5720191381EBE169154872E0, C0C6A2B38D6911073E1E9AB2, 7931690DA4B584A154EAB46C, 940270F8D2012F66ED419007, 68B762235912625E2A67D13C, BE4F24795CA021131FC3BD04, C773B82A7C5CDF5DEE520C36, BEFE5126EDCA895D0E18EEF9, 9FE16F685C643441B02B7D76, 99B5DE5A90698D426EBB2E75, 8E53FD9A91EC6FB7EC08829F, 3A88E6CF3D2116F09D7266F5, C734CD365D2252A4D711A242, 1C24DF7A2C09846D3F0EF312, CBB2A7D305257188FBDB1DA6, 0A77497F3665434B212A8613, 44819D836C840A2E9EC0B8D0, E9C842D51775CBBDA96D4268, 9405BE3DBBCBD59E9F329D39, 2A9C563E372CCFF807578574, F1A2B3C4D5E6F708090A0B0D, 3629767EF64D90F35944AF57, 35CB488A984E8163AFDF80DF, 4DD2DA87E9E3B25FC935A5A8, F1A2B3C4D5E6F708090A0B0F, F1A2B3C4D5E6F708090A0B11, F1A2B3C4D5E6F708090A0B13, F1A2B3C4D5E6F708090A0B15, ); path = MeiweiAssistant; sourceTree = "<group>"; };
		FD2F4F7C159C39635A4823A8 /* Products */ = {isa = PBXGroup; children = (182783D3BC8A504F7E810888 /* MeiweiAssistant.app */, ); name = Products; sourceTree = "<group>"; };
/* End PBXGroup section */

/* Begin PBXNativeTarget section */
		F762108CA727F0BCD961FC74 /* MeiweiAssistant */ = {
			isa = PBXNativeTarget;
			buildConfigurationList = 249A479EAD5B6682A3D72EBB /* Build configuration list for PBXNativeTarget "MeiweiAssistant" */;
			buildPhases = (3459DF8F7C3734511963AEA4 /* Sources */, FBB32052DBA59E6524A8C74E /* Frameworks */, BC4886EEB76220A02423DE1C /* Resources */, );
			buildRules = ();
			dependencies = ();
			name = MeiweiAssistant;
			productName = MeiweiAssistant;
			productReference = 182783D3BC8A504F7E810888 /* MeiweiAssistant.app */;
			productType = "com.apple.product-type.application";
		};
/* End PBXNativeTarget section */

/* Begin PBXProject section */
		16EEAF57BAFC2A41CAB7C99A /* Project object */ = {
			isa = PBXProject;
			attributes = {BuildIndependentTargetsInParallel = 1; LastSwiftUpdateCheck = 1600; LastUpgradeCheck = 1600; TargetAttributes = {F762108CA727F0BCD961FC74 = {CreatedOnToolsVersion = 16.0; }; }; };
			buildConfigurationList = EC9F766E8D38A81D05194320 /* Build configuration list for PBXProject "MeiweiAssistant" */;
			compatibilityVersion = "Xcode 14.0";
			developmentRegion = en;
			hasScannedForEncodings = 0;
			knownRegions = (en, Base, "zh-Hans", );
			mainGroup = 9E1B1A1535828EFD7A992048;
			productRefGroup = FD2F4F7C159C39635A4823A8 /* Products */;
			projectDirPath = "";
			projectRoot = "";
			targets = (F762108CA727F0BCD961FC74 /* MeiweiAssistant */, );
		};
/* End PBXProject section */

/* Begin PBXResourcesBuildPhase section */
		BC4886EEB76220A02423DE1C /* Resources */ = {isa = PBXResourcesBuildPhase; buildActionMask = 2147483647; files = (EFB4F43CC01E8F803B6BD101 /* Assets.xcassets in Resources */, 6BF9D1D0B302242F54B9E1C5 /* Assets.scnassets in Resources */, 0D844BD122894DE0E0650E86 /* title-catalog.json in Resources */, F1A2B3C4D5E6F708090A0B0E /* recipes.json in Resources */, F1A2B3C4D5E6F708090A0B10 /* titles.json in Resources */, F1A2B3C4D5E6F708090A0B12 /* mystic.json in Resources */, F1A2B3C4D5E6F708090A0B14 /* party-games.json in Resources */, ); runOnlyForDeploymentPostprocessing = 0; };
/* End PBXResourcesBuildPhase section */

/* Begin PBXSourcesBuildPhase section */
		3459DF8F7C3734511963AEA4 /* Sources */ = {isa = PBXSourcesBuildPhase; buildActionMask = 2147483647; files = (EAF9FAAF28C15CF3E1644462 /* AchievementRuleEngine.swift in Sources */, 487804CD25141783FA7D1926 /* AppTheme.swift in Sources */, D487083602FEFA5636C76B9E /* CreateRecipeView.swift in Sources */, 19218214E88CA7D47E7EC391 /* FoodArtwork.swift in Sources */, 72A5D14EC0250F931809202D /* LibraryView.swift in Sources */, 9D9DD7A23E772FA0F11FF303 /* MeiweiAssistantApp.swift in Sources */, 8EA093C677A8BF728EE98002 /* Models.swift in Sources */, 038B0F24A4670FD6B1B5A4FE /* MysticKitchenView.swift in Sources */, 3E4AC6FFFE46BD79DC65FA06 /* PartyGameView.swift in Sources */, 4CCF32255F399D22585EFCC2 /* ProfileView.swift in Sources */, 516E0C81A644023FA9097DAC /* RecipeDetailView.swift in Sources */, ADCE4E7E594585238FE84276 /* RootTabView.swift in Sources */, 5AA16F92E29DF4E8AF303167 /* SampleData.swift in Sources */, 7E4ED849E412E2FA6B57BD1A /* SauceAssistantView.swift in Sources */, F952F92E8CCED49E207A7E20 /* TableMenuView.swift in Sources */, F1A2B3C4D5E6F708090A0B0C /* SharedDataStore.swift in Sources */, D766CA0804291B7FD3615AA0 /* TitleHallView.swift in Sources */, 7363A3E94F4C5EDCD157080A /* TitleSystem.swift in Sources */, 1F0A92AFB45076CA8E9E588F /* TitleUnlockView.swift in Sources */, D94DB2D56252D8E39D0814DC /* TodayView.swift in Sources */, C4982A14971F73F2E52428EA /* TrueSixSidedRecipeDiceView.swift in Sources */, ); runOnlyForDeploymentPostprocessing = 0; };
/* End PBXSourcesBuildPhase section */

/* Begin XCBuildConfiguration section */
		BADB91E35FC975FFA3AC4EC2 /* Debug */ = {isa = XCBuildConfiguration; buildSettings = {ALWAYS_SEARCH_USER_PATHS = NO; CLANG_ENABLE_MODULES = YES; COPY_PHASE_STRIP = NO; DEBUG_INFORMATION_FORMAT = dwarf; ENABLE_TESTABILITY = YES; GCC_C_LANGUAGE_STANDARD = gnu17; GCC_OPTIMIZATION_LEVEL = 0; ONLY_ACTIVE_ARCH = YES; SDKROOT = iphoneos; SWIFT_ACTIVE_COMPILATION_CONDITIONS = DEBUG; SWIFT_OPTIMIZATION_LEVEL = "-Onone"; }; name = Debug; };
		860DE985EAF2415A977D92B3 /* Release */ = {isa = XCBuildConfiguration; buildSettings = {ALWAYS_SEARCH_USER_PATHS = NO; CLANG_ENABLE_MODULES = YES; COPY_PHASE_STRIP = NO; DEBUG_INFORMATION_FORMAT = "dwarf-with-dsym"; ENABLE_NS_ASSERTIONS = NO; GCC_C_LANGUAGE_STANDARD = gnu17; SDKROOT = iphoneos; SWIFT_COMPILATION_MODE = wholemodule; VALIDATE_PRODUCT = YES; }; name = Release; };
		F01D628D8FF040397E470391 /* Debug */ = {isa = XCBuildConfiguration; buildSettings = {ASSETCATALOG_COMPILER_APPICON_NAME = AppIcon; ASSETCATALOG_COMPILER_GLOBAL_ACCENT_COLOR_NAME = AccentColor; CODE_SIGN_STYLE = Automatic; CURRENT_PROJECT_VERSION = 1; DEVELOPMENT_ASSET_PATHS = ""; GENERATE_INFOPLIST_FILE = YES; INFOPLIST_KEY_CFBundleDisplayName = "美味助手"; INFOPLIST_KEY_LSApplicationCategoryType = "public.app-category.food-and-drink"; INFOPLIST_KEY_UILaunchScreen_Generation = YES; INFOPLIST_KEY_UIApplicationSceneManifest_Generation = YES; IPHONEOS_DEPLOYMENT_TARGET = 17.0; MARKETING_VERSION = 1.0; PRODUCT_BUNDLE_IDENTIFIER = cn.hnchpower.meiweiassistant; PRODUCT_NAME = "$(TARGET_NAME)"; SUPPORTED_PLATFORMS = "iphoneos iphonesimulator"; SUPPORTS_MACCATALYST = NO; SWIFT_EMIT_LOC_STRINGS = YES; SWIFT_VERSION = 5.0; TARGETED_DEVICE_FAMILY = 1; ENABLE_PREVIEWS = YES;}; name = Debug; };
		35308ADFE9A0CA57189CD4C4 /* Release */ = {isa = XCBuildConfiguration; buildSettings = {ASSETCATALOG_COMPILER_APPICON_NAME = AppIcon; ASSETCATALOG_COMPILER_GLOBAL_ACCENT_COLOR_NAME = AccentColor; CODE_SIGN_STYLE = Automatic; CURRENT_PROJECT_VERSION = 1; DEVELOPMENT_ASSET_PATHS = ""; GENERATE_INFOPLIST_FILE = YES; INFOPLIST_KEY_CFBundleDisplayName = "美味助手"; INFOPLIST_KEY_LSApplicationCategoryType = "public.app-category.food-and-drink"; INFOPLIST_KEY_UILaunchScreen_Generation = YES; INFOPLIST_KEY_UIApplicationSceneManifest_Generation = YES; IPHONEOS_DEPLOYMENT_TARGET = 17.0; MARKETING_VERSION = 1.0; PRODUCT_BUNDLE_IDENTIFIER = cn.hnchpower.meiweiassistant; PRODUCT_NAME = "$(TARGET_NAME)"; SUPPORTED_PLATFORMS = "iphoneos iphonesimulator"; SUPPORTS_MACCATALYST = NO; SWIFT_EMIT_LOC_STRINGS = YES; SWIFT_VERSION = 5.0; TARGETED_DEVICE_FAMILY = 1;}; name = Release; };
/* End XCBuildConfiguration section */

/* Begin XCConfigurationList section */
		EC9F766E8D38A81D05194320 /* Build configuration list for PBXProject "MeiweiAssistant" */ = {isa = XCConfigurationList; buildConfigurations = (BADB91E35FC975FFA3AC4EC2 /* Debug */, 860DE985EAF2415A977D92B3 /* Release */, ); defaultConfigurationIsVisible = 0; defaultConfigurationName = Release; };
		249A479EAD5B6682A3D72EBB /* Build configuration list for PBXNativeTarget "MeiweiAssistant" */ = {isa = XCConfigurationList; buildConfigurations = (F01D628D8FF040397E470391 /* Debug */, 35308ADFE9A0CA57189CD4C4 /* Release */, ); defaultConfigurationIsVisible = 0; defaultConfigurationName = Release; };
/* End XCConfigurationList section */
	};
	rootObject = 16EEAF57BAFC2A41CAB7C99A /* Project object */;
}
